{
    "version": 3,
    "terraform_version": "0.11.12",
    "serial": 8,
    "lineage": "bc5a11d3-f662-767c-fea7-182d66598043",
    "modules": [
        {
            "path": [
                "root"
            ],
            "outputs": {
                "ip": {
                    "sensitive": false,
                    "type": "string",
                    "value": "35.247.81.106"
                }
            },
            "resources": {
                "google_compute_firewall.default": {
                    "type": "google_compute_firewall",
                    "depends_on": [],
                    "primary": {
                        "id": "apache2-firewall",
                        "attributes": {
                            "allow.#": "1",
                            "allow.4158162072.ports.#": "3",
                            "allow.4158162072.ports.0": "5000",
                            "allow.4158162072.ports.1": "80",
                            "allow.4158162072.ports.2": "443",
                            "allow.4158162072.protocol": "tcp",
                            "creation_timestamp": "2020-03-31T13:08:49.674-07:00",
                            "deny.#": "0",
                            "description": "",
                            "destination_ranges.#": "0",
                            "direction": "INGRESS",
                            "disabled": "false",
                            "id": "apache2-firewall",
                            "name": "apache2-firewall",
                            "network": "https://www.googleapis.com/compute/v1/projects/k8s-terraform-demo-272708/global/networks/default",
                            "priority": "1000",
                            "project": "k8s-terraform-demo-272708",
                            "self_link": "https://www.googleapis.com/compute/v1/projects/k8s-terraform-demo-272708/global/firewalls/apache2-firewall",
                            "source_ranges.#": "1",
                            "source_ranges.1080289494": "0.0.0.0/0",
                            "source_service_accounts.#": "0",
                            "source_tags.#": "0",
                            "target_service_accounts.#": "0",
                            "target_tags.#": "0"
                        },
                        "meta": {
                            "e2bfb730-ecaa-11e6-8f88-34363bc7c4c0": {
                                "create": 240000000000,
                                "delete": 240000000000,
                                "update": 240000000000
                            },
                            "schema_version": "1"
                        },
                        "tainted": false
                    },
                    "deposed": [],
                    "provider": "provider.google"
                },
                "google_compute_instance.vm_instance": {
                    "type": "google_compute_instance",
                    "depends_on": [],
                    "primary": {
                        "id": "default",
                        "attributes": {
                            "attached_disk.#": "0",
                            "boot_disk.#": "1",
                            "boot_disk.0.auto_delete": "true",
                            "boot_disk.0.device_name": "persistent-disk-0",
                            "boot_disk.0.disk_encryption_key_raw": "",
                            "boot_disk.0.disk_encryption_key_sha256": "",
                            "boot_disk.0.initialize_params.#": "1",
                            "boot_disk.0.initialize_params.0.image": "https://www.googleapis.com/compute/v1/projects/ubuntu-os-cloud/global/images/ubuntu-1604-xenial-v20200317",
                            "boot_disk.0.initialize_params.0.labels.%": "0",
                            "boot_disk.0.initialize_params.0.size": "10",
                            "boot_disk.0.initialize_params.0.type": "pd-standard",
                            "boot_disk.0.kms_key_self_link": "",
                            "boot_disk.0.mode": "READ_WRITE",
                            "boot_disk.0.source": "https://www.googleapis.com/compute/v1/projects/k8s-terraform-demo-272708/zones/us-west1-c/disks/default",
                            "can_ip_forward": "false",
                            "cpu_platform": "Intel Broadwell",
                            "deletion_protection": "false",
                            "description": "",
                            "enable_display": "false",
                            "guest_accelerator.#": "0",
                            "hostname": "",
                            "id": "default",
                            "instance_id": "7626791618291308690",
                            "label_fingerprint": "42WmSpB8rSM=",
                            "labels.%": "0",
                            "machine_type": "f1-micro",
                            "metadata.%": "1",
                            "metadata.ssh-keys": "ubuntu:ssh-rsa AAAAB3NzaC1yc2EAAAADAQABAAABAQCmFkboumULY071UuugRWe0FcUfdNMlplX7ZThzv2vaDWmzXObKMKcoL0vxR+1t0L+4fYMgcyyD9EReoZQpEyiJhauH7DqVjqm+27S7tJAmHHP4tTJQkF/uS5YWu4uvB5Nm8kk8iqVehH1wbLpUQ8oUNvPGeX3KF0S5z35wmr0UhyR4d+yBT7o/VJRhSZQfi3A4/d+i4cmYQqLjeI38Q+8CpU7RcoSuM5Z4S9ore2vrlAxo+TzFXttM7/+ADYggg98nPsGtBbSBBJFmKT6EqHOdfLT70U25/pj0eJ0ISj4C1RGDCWQTc+1+dgAbHpvVEDLumYMOhTwMYeUp6YnQ0aYl terrafrom07@terraformvm\n",
                            "metadata_fingerprint": "TmQLczq5TQ0=",
                            "metadata_startup_script": "",
                            "min_cpu_platform": "",
                            "name": "default",
                            "network_interface.#": "1",
                            "network_interface.0.access_config.#": "1",
                            "network_interface.0.access_config.0.assigned_nat_ip": "",
                            "network_interface.0.access_config.0.nat_ip": "35.247.81.106",
                            "network_interface.0.access_config.0.network_tier": "PREMIUM",
                            "network_interface.0.access_config.0.public_ptr_domain_name": "",
                            "network_interface.0.address": "",
                            "network_interface.0.alias_ip_range.#": "0",
                            "network_interface.0.name": "nic0",
                            "network_interface.0.network": "https://www.googleapis.com/compute/v1/projects/k8s-terraform-demo-272708/global/networks/default",
                            "network_interface.0.network_ip": "10.138.15.213",
                            "network_interface.0.subnetwork": "https://www.googleapis.com/compute/v1/projects/k8s-terraform-demo-272708/regions/us-west1/subnetworks/default",
                            "network_interface.0.subnetwork_project": "k8s-terraform-demo-272708",
                            "project": "k8s-terraform-demo-272708",
                            "scheduling.#": "1",
                            "scheduling.0.automatic_restart": "true",
                            "scheduling.0.node_affinities.#": "0",
                            "scheduling.0.on_host_maintenance": "MIGRATE",
                            "scheduling.0.preemptible": "false",
                            "scratch_disk.#": "0",
                            "self_link": "https://www.googleapis.com/compute/v1/projects/k8s-terraform-demo-272708/zones/us-west1-c/instances/default",
                            "service_account.#": "0",
                            "shielded_instance_config.#": "1",
                            "shielded_instance_config.0.enable_integrity_monitoring": "true",
                            "shielded_instance_config.0.enable_secure_boot": "false",
                            "shielded_instance_config.0.enable_vtpm": "true",
                            "tags.#": "0",
                            "tags_fingerprint": "42WmSpB8rSM=",
                            "zone": "us-west1-c"
                        },
                        "meta": {
                            "e2bfb730-ecaa-11e6-8f88-34363bc7c4c0": {
                                "create": 1200000000000,
                                "delete": 1200000000000,
                                "update": 1200000000000
                            },
                            "schema_version": "6"
                        },
                        "tainted": false
                    },
                    "deposed": [],
                    "provider": "provider.google"
                },
                "null_resource.ansible-main": {
                    "type": "null_resource",
                    "depends_on": [
                        "google_compute_instance.vm_instance"
                    ],
                    "primary": {
                        "id": "1818075025846555772",
                        "attributes": {
                            "id": "1818075025846555772"
                        },
                        "meta": {},
                        "tainted": false
                    },
                    "deposed": [],
                    "provider": "provider.null"
                }
            },
            "depends_on": []
        }
    ]
}
